
Microsoft Visual Studio Solution File, Format Version 12.00
# Visual Studio Version 16
VisualStudioVersion = 16.0.29509.3
MinimumVisualStudioVersion = 10.0.40219.1
Project("{9A19103F-16F7-4668-BE54-9A1E7A4F7556}") = "NSV.Security.Password", "Password\NSV.Security.Password.csproj", "{87AB4451-3F3C-4567-92D6-B0A5AC95BB89}"
EndProject
Project("{9A19103F-16F7-4668-BE54-9A1E7A4F7556}") = "NSV.Security.Password.UnitTests", "Password.UnitTests\NSV.Security.Password.UnitTests.csproj", "{D951A051-BC95-4872-B1A8-941A6FE5326A}"
EndProject
Global
	GlobalSection(SolutionConfigurationPlatforms) = preSolution
		Debug|Any CPU = Debug|Any CPU
		Release|Any CPU = Release|Any CPU
	EndGlobalSection
	GlobalSection(ProjectConfigurationPlatforms) = postSolution
		{87AB4451-3F3C-4567-92D6-B0A5AC95BB89}.Debug|Any CPU.ActiveCfg = Debug|Any CPU
		{87AB4451-3F3C-4567-92D6-B0A5AC95BB89}.Debug|Any CPU.Build.0 = Debug|Any CPU
		{87AB4451-3F3C-4567-92D6-B0A5AC95BB89}.Release|Any CPU.ActiveCfg = Release|Any CPU
		{87AB4451-3F3C-4567-92D6-B0A5AC95BB89}.Release|Any CPU.Build.0 = Release|Any CPU
		{D951A051-BC95-4872-B1A8-941A6FE5326A}.Debug|Any CPU.ActiveCfg = Debug|Any CPU
		{D951A051-BC95-4872-B1A8-941A6FE5326A}.Debug|Any CPU.Build.0 = Debug|Any CPU
		{D951A051-BC95-4872-B1A8-941A6FE5326A}.Release|Any CPU.ActiveCfg = Release|Any CPU
		{D951A051-BC95-4872-B1A8-941A6FE5326A}.Release|Any CPU.Build.0 = Release|Any CPU
	EndGlobalSection
	GlobalSection(SolutionProperties) = preSolution
		HideSolutionNode = FALSE
	EndGlobalSection
	GlobalSection(ExtensibilityGlobals) = postSolution
		SolutionGuid = {A1A977E2-C4E9-41EC-BEAB-DEE95D8CBC07}
	EndGlobalSection
EndGlobal
